
Microsoft Visual Studio Solution File, Format Version 12.00
# Visual Studio Version 16
VisualStudioVersion = 16.0.30330.147
MinimumVisualStudioVersion = 10.0.40219.1
Project("{9A19103F-16F7-4668-BE54-9A1E7A4F7556}") = "DependencyInjection-ASP.NET-Core", "DependencyInjection-ASP.NET-Core\DependencyInjection-ASP.NET-Core.csproj", "{DD546651-C762-4593-BF99-D80922FC0B49}"
EndProject
Project("{FAE04EC0-301F-11D3-BF4B-00C04F79EFBC}") = "DatosPersonas", "DatosPersonas\DatosPersonas.csproj", "{3DD5EE42-AB1E-4BBB-AC35-C88B722580BE}"
EndProject
Project("{FAE04EC0-301F-11D3-BF4B-00C04F79EFBC}") = "UnitTest", "UnitTest\UnitTest.csproj", "{427A3024-0DE8-418B-9201-EDA0D07E127A}"
EndProject
Global
	GlobalSection(SolutionConfigurationPlatforms) = preSolution
		Debug|Any CPU = Debug|Any CPU
		Release|Any CPU = Release|Any CPU
	EndGlobalSection
	GlobalSection(ProjectConfigurationPlatforms) = postSolution
		{DD546651-C762-4593-BF99-D80922FC0B49}.Debug|Any CPU.ActiveCfg = Debug|Any CPU
		{DD546651-C762-4593-BF99-D80922FC0B49}.Debug|Any CPU.Build.0 = Debug|Any CPU
		{DD546651-C762-4593-BF99-D80922FC0B49}.Release|Any CPU.ActiveCfg = Release|Any CPU
		{DD546651-C762-4593-BF99-D80922FC0B49}.Release|Any CPU.Build.0 = Release|Any CPU
		{3DD5EE42-AB1E-4BBB-AC35-C88B722580BE}.Debug|Any CPU.ActiveCfg = Debug|Any CPU
		{3DD5EE42-AB1E-4BBB-AC35-C88B722580BE}.Debug|Any CPU.Build.0 = Debug|Any CPU
		{3DD5EE42-AB1E-4BBB-AC35-C88B722580BE}.Release|Any CPU.ActiveCfg = Release|Any CPU
		{3DD5EE42-AB1E-4BBB-AC35-C88B722580BE}.Release|Any CPU.Build.0 = Release|Any CPU
		{427A3024-0DE8-418B-9201-EDA0D07E127A}.Debug|Any CPU.ActiveCfg = Debug|Any CPU
		{427A3024-0DE8-418B-9201-EDA0D07E127A}.Debug|Any CPU.Build.0 = Debug|Any CPU
		{427A3024-0DE8-418B-9201-EDA0D07E127A}.Release|Any CPU.ActiveCfg = Release|Any CPU
		{427A3024-0DE8-418B-9201-EDA0D07E127A}.Release|Any CPU.Build.0 = Release|Any CPU
	EndGlobalSection
	GlobalSection(SolutionProperties) = preSolution
		HideSolutionNode = FALSE
	EndGlobalSection
	GlobalSection(ExtensibilityGlobals) = postSolution
		SolutionGuid = {CFF66255-3EBE-4B89-80B7-B6E570DE1A6F}
	EndGlobalSection
EndGlobal
